
Microsoft Visual Studio Solution File, Format Version 12.00
# Visual Studio Version 16
VisualStudioVersion = 16.0.29503.13
MinimumVisualStudioVersion = 10.0.40219.1
Project("{FAE04EC0-301F-11D3-BF4B-00C04F79EFBC}") = "Form_Tasarimi", "Form_Tasarimi\Form_Tasarimi.csproj", "{F5734442-5CAA-4CF4-B367-11124773868C}"
EndProject
Global
	GlobalSection(SolutionConfigurationPlatforms) = preSolution
		Debug|Any CPU = Debug|Any CPU
		Release|Any CPU = Release|Any CPU
	EndGlobalSection
	GlobalSection(ProjectConfigurationPlatforms) = postSolution
		{F5734442-5CAA-4CF4-B367-11124773868C}.Debug|Any CPU.ActiveCfg = Debug|Any CPU
		{F5734442-5CAA-4CF4-B367-11124773868C}.Debug|Any CPU.Build.0 = Debug|Any CPU
		{F5734442-5CAA-4CF4-B367-11124773868C}.Release|Any CPU.ActiveCfg = Release|Any CPU
		{F5734442-5CAA-4CF4-B367-11124773868C}.Release|Any CPU.Build.0 = Release|Any CPU
	EndGlobalSection
	GlobalSection(SolutionProperties) = preSolution
		HideSolutionNode = FALSE
	EndGlobalSection
	GlobalSection(ExtensibilityGlobals) = postSolution
		SolutionGuid = {93A21D33-0FF8-4A49-A0E1-577F54816B6C}
	EndGlobalSection
EndGlobal
