
Microsoft Visual Studio Solution File, Format Version 12.00
# Visual Studio Version 16
VisualStudioVersion = 16.0.29503.13
MinimumVisualStudioVersion = 10.0.40219.1
Project("{FAE04EC0-301F-11D3-BF4B-00C04F79EFBC}") = "Menu_Ders", "Menu_Ders\Menu_Ders.csproj", "{C07A3F4E-1FDB-4100-9ED7-E0AF990438D7}"
EndProject
Global
	GlobalSection(SolutionConfigurationPlatforms) = preSolution
		Debug|Any CPU = Debug|Any CPU
		Release|Any CPU = Release|Any CPU
	EndGlobalSection
	GlobalSection(ProjectConfigurationPlatforms) = postSolution
		{C07A3F4E-1FDB-4100-9ED7-E0AF990438D7}.Debug|Any CPU.ActiveCfg = Debug|Any CPU
		{C07A3F4E-1FDB-4100-9ED7-E0AF990438D7}.Debug|Any CPU.Build.0 = Debug|Any CPU
		{C07A3F4E-1FDB-4100-9ED7-E0AF990438D7}.Release|Any CPU.ActiveCfg = Release|Any CPU
		{C07A3F4E-1FDB-4100-9ED7-E0AF990438D7}.Release|Any CPU.Build.0 = Release|Any CPU
	EndGlobalSection
	GlobalSection(SolutionProperties) = preSolution
		HideSolutionNode = FALSE
	EndGlobalSection
	GlobalSection(ExtensibilityGlobals) = postSolution
		SolutionGuid = {CD634422-515F-44FB-83A8-2911F33B7948}
	EndGlobalSection
EndGlobal
